github.com/ymzuiku/so v0.0.0-20210717143315-348450692282 h1:T2OInZXK4IP6BgE/1xlyMinPM96XBdScfYj3W4IP3f4=
github.com/ymzuiku/so v0.0.0-20210717143315-348450692282/go.mod h1:ObY83aSJjn9d6CKpw2R583U2JyHkxh945pMAIwC/pr8=
github.com/ymzuiku/so v0.0.0-20210717143438-2f297e531a49 h1:RAAr8BM0YGD8jqhsoC1D3+IyxpcLMYNeWdfFTk59I1s=
github.com/ymzuiku/so v0.0.0-20210717143438-2f297e531a49/go.mod h1:ObY83aSJjn9d6CKpw2R583U2JyHkxh945pMAIwC/pr8=
github.com/ymzuiku/so v0.0.0-20210717145133-1325e4ac1b38 h1:Ww5e4V6jqf720QlDAs6GS+p9tSFzWqpmE1uHVVT9oPk=
github.com/ymzuiku/so v0.0.0-20210717145133-1325e4ac1b38/go.mod h1:ObY83aSJjn9d6CKpw2R583U2JyHkxh945pMAIwC/pr8=
